{
  "name": "Final_project",
  "lockfileVersion": 3,
  "requires": true,
  "packages": {
    "": {
      "dependencies": {
        "@tanstack/react-router": "^1.140.0",
        "lucide-react": "^0.556.0"
      }
    },
    "node_modules/@tanstack/history": {
      "version": "1.140.0",
      "resolved": "https://registry.npmjs.org/@tanstack/history/-/history-1.140.0.tgz",
      "integrity": "sha512-u+/dChlWlT3kYa/RmFP+E7xY5EnzvKEKcvKk+XrgWMpBWExQIh3RQX/eUqhqwCXJPNc4jfm1Coj8umnm/hDgyA==",
      "license": "MIT",
      "engines": {
        "node": ">=12"
      },
      "funding": {
        "type": "github",
        "url": "https://github.com/sponsors/tannerlinsley"
      }
    },
    "node_modules/@tanstack/react-router": {
      "version": "1.140.0",
      "resolved": "https://registry.npmjs.org/@tanstack/react-router/-/react-router-1.140.0.tgz",
      "integrity": "sha512-Xe4K1bEtU5h0cAhaKYXDQA2cuITgEs1x6tOognJbcxamlAdzDAkhYBhRg8dKSVAyfGejAUNlUi4utnN0s6R+Yw==",
      "license": "MIT",
      "dependencies": {
        "@tanstack/history": "1.140.0",
        "@tanstack/react-store": "^0.8.0",
        "@tanstack/router-core": "1.140.0",
        "isbot": "^5.1.22",
        "tiny-invariant": "^1.3.3",
        "tiny-warning": "^1.0.3"
      },
      "engines": {
        "node": ">=12"
      },
      "funding": {
        "type": "github",
        "url": "https://github.com/sponsors/tannerlinsley"
      },
      "peerDependencies": {
        "react": ">=18.0.0 || >=19.0.0",
        "react-dom": ">=18.0.0 || >=19.0.0"
      }
    },
    "node_modules/@tanstack/react-store": {
      "version": "0.8.0",
      "resolved": "https://registry.npmjs.org/@tanstack/react-store/-/react-store-0.8.0.tgz",
      "integrity": "sha512-1vG9beLIuB7q69skxK9r5xiLN3ztzIPfSQSs0GfeqWGO2tGIyInZx0x1COhpx97RKaONSoAb8C3dxacWksm1ow==",
      "license": "MIT",
      "dependencies": {
        "@tanstack/store": "0.8.0",
        "use-sync-external-store": "^1.6.0"
      },
      "funding": {
        "type": "github",
        "url": "https://github.com/sponsors/tannerlinsley"
      },
      "peerDependencies": {
        "react": "^16.8.0 || ^17.0.0 || ^18.0.0 || ^19.0.0",
        "react-dom": "^16.8.0 || ^17.0.0 || ^18.0.0 || ^19.0.0"
      }
    },
    "node_modules/@tanstack/router-core": {
      "version": "1.140.0",
      "resolved": "https://registry.npmjs.org/@tanstack/router-core/-/router-core-1.140.0.tgz",
      "integrity": "sha512-/Te/mlAzi5FEpZ9NF9RhVw/n+cWYLiCHpvevNKo7JPA8ZYWF58wkalPtNWSocftX4P+OIBNerFAW9UbLgSbvSw==",
      "license": "MIT",
      "dependencies": {
        "@tanstack/history": "1.140.0",
        "@tanstack/store": "^0.8.0",
        "cookie-es": "^2.0.0",
        "seroval": "^1.4.0",
        "seroval-plugins": "^1.4.0",
        "tiny-invariant": "^1.3.3",
        "tiny-warning": "^1.0.3"
      },
      "engines": {
        "node": ">=12"
      },
      "funding": {
        "type": "github",
        "url": "https://github.com/sponsors/tannerlinsley"
      }
    },
    "node_modules/@tanstack/store": {
      "version": "0.8.0",
      "resolved": "https://registry.npmjs.org/@tanstack/store/-/store-0.8.0.tgz",
      "integrity": "sha512-Om+BO0YfMZe//X2z0uLF2j+75nQga6TpTJgLJQBiq85aOyZNIhkCgleNcud2KQg4k4v9Y9l+Uhru3qWMPGTOzQ==",
      "license": "MIT",
      "funding": {
        "type": "github",
        "url": "https://github.com/sponsors/tannerlinsley"
      }
    },
    "node_modules/cookie-es": {
      "version": "2.0.0",
      "resolved": "https://registry.npmjs.org/cookie-es/-/cookie-es-2.0.0.tgz",
      "integrity": "sha512-RAj4E421UYRgqokKUmotqAwuplYw15qtdXfY+hGzgCJ/MBjCVZcSoHK/kH9kocfjRjcDME7IiDWR/1WX1TM2Pg==",
      "license": "MIT"
    },
    "node_modules/isbot": {
      "version": "5.1.32",
      "resolved": "https://registry.npmjs.org/isbot/-/isbot-5.1.32.tgz",
      "integrity": "sha512-VNfjM73zz2IBZmdShMfAUg10prm6t7HFUQmNAEOAVS4YH92ZrZcvkMcGX6cIgBJAzWDzPent/EeAtYEHNPNPBQ==",
      "license": "Unlicense",
      "engines": {
        "node": ">=18"
      }
    },
    "node_modules/lucide-react": {
      "version": "0.556.0",
      "resolved": "https://registry.npmjs.org/lucide-react/-/lucide-react-0.556.0.tgz",
      "integrity": "sha512-iOb8dRk7kLaYBZhR2VlV1CeJGxChBgUthpSP8wom9jfj79qovgG6qcSdiy6vkoREKPnbUYzJsCn4o4PtG3Iy+A==",
      "license": "ISC",
      "peerDependencies": {
        "react": "^16.5.1 || ^17.0.0 || ^18.0.0 || ^19.0.0"
      }
    },
    "node_modules/react": {
      "version": "19.2.1",
      "resolved": "https://registry.npmjs.org/react/-/react-19.2.1.tgz",
      "integrity": "sha512-DGrYcCWK7tvYMnWh79yrPHt+vdx9tY+1gPZa7nJQtO/p8bLTDaHp4dzwEhQB7pZ4Xe3ok4XKuEPrVuc+wlpkmw==",
      "license": "MIT",
      "peer": true,
      "engines": {
        "node": ">=0.10.0"
      }
    },
    "node_modules/react-dom": {
      "version": "19.2.1",
      "resolved": "https://registry.npmjs.org/react-dom/-/react-dom-19.2.1.tgz",
      "integrity": "sha512-ibrK8llX2a4eOskq1mXKu/TGZj9qzomO+sNfO98M6d9zIPOEhlBkMkBUBLd1vgS0gQsLDBzA+8jJBVXDnfHmJg==",
      "license": "MIT",
      "peer": true,
      "dependencies": {
        "scheduler": "^0.27.0"
      },
      "peerDependencies": {
        "react": "^19.2.1"
      }
    },
    "node_modules/scheduler": {
      "version": "0.27.0",
      "resolved": "https://registry.npmjs.org/scheduler/-/scheduler-0.27.0.tgz",
      "integrity": "sha512-eNv+WrVbKu1f3vbYJT/xtiF5syA5HPIMtf9IgY/nKg0sWqzAUEvqY/xm7OcZc/qafLx/iO9FgOmeSAp4v5ti/Q==",
      "license": "MIT",
      "peer": true
    },
    "node_modules/seroval": {
      "version": "1.4.0",
      "resolved": "https://registry.npmjs.org/seroval/-/seroval-1.4.0.tgz",
      "integrity": "sha512-BdrNXdzlofomLTiRnwJTSEAaGKyHHZkbMXIywOh7zlzp4uZnXErEwl9XZ+N1hJSNpeTtNxWvVwN0wUzAIQ4Hpg==",
      "license": "MIT",
      "engines": {
        "node": ">=10"
      }
    },
    "node_modules/seroval-plugins": {
      "version": "1.4.0",
      "resolved": "https://registry.npmjs.org/seroval-plugins/-/seroval-plugins-1.4.0.tgz",
      "integrity": "sha512-zir1aWzoiax6pbBVjoYVd0O1QQXgIL3eVGBMsBsNmM8Ukq90yGaWlfx0AB9dTS8GPqrOrbXn79vmItCUP9U3BQ==",
      "license": "MIT",
      "engines": {
        "node": ">=10"
      },
      "peerDependencies": {
        "seroval": "^1.0"
      }
    },
    "node_modules/tiny-invariant": {
      "version": "1.3.3",
      "resolved": "https://registry.npmjs.org/tiny-invariant/-/tiny-invariant-1.3.3.tgz",
      "integrity": "sha512-+FbBPE1o9QAYvviau/qC5SE3caw21q3xkvWKBtja5vgqOWIHHJ3ioaq1VPfn/Szqctz2bU/oYeKd9/z5BL+PVg==",
      "license": "MIT"
    },
    "node_modules/tiny-warning": {
      "version": "1.0.3",
      "resolved": "https://registry.npmjs.org/tiny-warning/-/tiny-warning-1.0.3.tgz",
      "integrity": "sha512-lBN9zLN/oAf68o3zNXYrdCt1kP8WsiGW8Oo2ka41b2IM5JL/S1CTyX1rW0mb/zSuJun0ZUrDxx4sqvYS2FWzPA==",
      "license": "MIT"
    },
    "node_modules/use-sync-external-store": {
      "version": "1.6.0",
      "resolved": "https://registry.npmjs.org/use-sync-external-store/-/use-sync-external-store-1.6.0.tgz",
      "integrity": "sha512-Pp6GSwGP/NrPIrxVFAIkOQeyw8lFenOHijQWkUTrDvrF4ALqylP2C/KCkeS9dpUM3KvYRQhna5vt7IL95+ZQ9w==",
      "license": "MIT",
      "peerDependencies": {
        "react": "^16.8.0 || ^17.0.0 || ^18.0.0 || ^19.0.0"
      }
    }
  }
}
